
Microsoft Visual Studio Solution File, Format Version 12.00
# Visual Studio Version 16
VisualStudioVersion = 16.0.31515.178
MinimumVisualStudioVersion = 10.0.40219.1
Project("{FAE04EC0-301F-11D3-BF4B-00C04F79EFBC}") = "PedroWebAppCoreMvc1", "PedroWebAppCoreMvc1\PedroWebAppCoreMvc1.csproj", "{CF80AFB7-FB2F-4019-A43F-938839FDB926}"
EndProject
Global
	GlobalSection(SolutionConfigurationPlatforms) = preSolution
		Debug|Any CPU = Debug|Any CPU
		Release|Any CPU = Release|Any CPU
	EndGlobalSection
	GlobalSection(ProjectConfigurationPlatforms) = postSolution
		{CF80AFB7-FB2F-4019-A43F-938839FDB926}.Debug|Any CPU.ActiveCfg = Debug|Any CPU
		{CF80AFB7-FB2F-4019-A43F-938839FDB926}.Debug|Any CPU.Build.0 = Debug|Any CPU
		{CF80AFB7-FB2F-4019-A43F-938839FDB926}.Release|Any CPU.ActiveCfg = Release|Any CPU
		{CF80AFB7-FB2F-4019-A43F-938839FDB926}.Release|Any CPU.Build.0 = Release|Any CPU
	EndGlobalSection
	GlobalSection(SolutionProperties) = preSolution
		HideSolutionNode = FALSE
	EndGlobalSection
	GlobalSection(ExtensibilityGlobals) = postSolution
		SolutionGuid = {AE033A86-87BC-499A-AA9E-C08D13DF2A02}
	EndGlobalSection
EndGlobal
